
Microsoft Visual Studio Solution File, Format Version 12.00
# Visual Studio Version 17
VisualStudioVersion = 17.5.33502.453
MinimumVisualStudioVersion = 10.0.40219.1
Project("{FAE04EC0-301F-11D3-BF4B-00C04F79EFBC}") = "Bybit", "Bybit\Bybit.csproj", "{4AC554CF-9C2E-4BDA-85A1-92ED25380B63}"
EndProject
Project("{FAE04EC0-301F-11D3-BF4B-00C04F79EFBC}") = "Bybit.Test", "Bybit.Test\Bybit.Test.csproj", "{42B24F8E-8B15-4DAC-A2FA-BE8EEA9A088D}"
EndProject
Global
	GlobalSection(SolutionConfigurationPlatforms) = preSolution
		Debug|Any CPU = Debug|Any CPU
		Release|Any CPU = Release|Any CPU
	EndGlobalSection
	GlobalSection(ProjectConfigurationPlatforms) = postSolution
		{4AC554CF-9C2E-4BDA-85A1-92ED25380B63}.Debug|Any CPU.ActiveCfg = Debug|Any CPU
		{4AC554CF-9C2E-4BDA-85A1-92ED25380B63}.Debug|Any CPU.Build.0 = Debug|Any CPU
		{4AC554CF-9C2E-4BDA-85A1-92ED25380B63}.Release|Any CPU.ActiveCfg = Release|Any CPU
		{4AC554CF-9C2E-4BDA-85A1-92ED25380B63}.Release|Any CPU.Build.0 = Release|Any CPU
		{42B24F8E-8B15-4DAC-A2FA-BE8EEA9A088D}.Debug|Any CPU.ActiveCfg = Debug|Any CPU
		{42B24F8E-8B15-4DAC-A2FA-BE8EEA9A088D}.Debug|Any CPU.Build.0 = Debug|Any CPU
		{42B24F8E-8B15-4DAC-A2FA-BE8EEA9A088D}.Release|Any CPU.ActiveCfg = Release|Any CPU
		{42B24F8E-8B15-4DAC-A2FA-BE8EEA9A088D}.Release|Any CPU.Build.0 = Release|Any CPU
	EndGlobalSection
	GlobalSection(SolutionProperties) = preSolution
		HideSolutionNode = FALSE
	EndGlobalSection
	GlobalSection(ExtensibilityGlobals) = postSolution
		SolutionGuid = {2DE325A6-4557-46E0-B069-31ED92A9B0D4}
	EndGlobalSection
EndGlobal
